
Microsoft Visual Studio Solution File, Format Version 12.00
# Visual Studio Version 17
VisualStudioVersion = 17.9.34607.119
MinimumVisualStudioVersion = 10.0.40219.1
Project("{FAE04EC0-301F-11D3-BF4B-00C04F79EFBC}") = "Tarea de semana3", "Tarea de semana3\Tarea de semana3.csproj", "{F86AC6E9-9F39-4E71-A7FA-145E00542216}"
EndProject
Global
	GlobalSection(SolutionConfigurationPlatforms) = preSolution
		Debug|Any CPU = Debug|Any CPU
		Release|Any CPU = Release|Any CPU
	EndGlobalSection
	GlobalSection(ProjectConfigurationPlatforms) = postSolution
		{F86AC6E9-9F39-4E71-A7FA-145E00542216}.Debug|Any CPU.ActiveCfg = Debug|Any CPU
		{F86AC6E9-9F39-4E71-A7FA-145E00542216}.Debug|Any CPU.Build.0 = Debug|Any CPU
		{F86AC6E9-9F39-4E71-A7FA-145E00542216}.Release|Any CPU.ActiveCfg = Release|Any CPU
		{F86AC6E9-9F39-4E71-A7FA-145E00542216}.Release|Any CPU.Build.0 = Release|Any CPU
	EndGlobalSection
	GlobalSection(SolutionProperties) = preSolution
		HideSolutionNode = FALSE
	EndGlobalSection
	GlobalSection(ExtensibilityGlobals) = postSolution
		SolutionGuid = {CC3C73BA-63D7-4E1C-AD59-D01F0AE49568}
	EndGlobalSection
EndGlobal
